// !$*UTF8*$!
{
	archiveVersion = 1;
	classes = {
	};
	objectVersion = 46;
	objects = {

/* Begin PBXBuildFile section */
		721F63581AFCAC730009B7B4 /* main.m in Sources */ = {isa = PBXBuildFile; fileRef = 721F63571AFCAC730009B7B4 /* main.m */; };
		721F635A1AFCAC730009B7B4 /* Images.xcassets in Resources */ = {isa = PBXBuildFile; fileRef = 721F63591AFCAC730009B7B4 /* Images.xcassets */; };
		721F635D1AFCAC730009B7B4 /* MainMenu.xib in Resources */ = {isa = PBXBuildFile; fileRef = 721F635B1AFCAC730009B7B4 /* MainMenu.xib */; };
		721F63691AFCAC730009B7B4 /* binary_mouseTests.m in Sources */ = {isa = PBXBuildFile; fileRef = 721F63681AFCAC730009B7B4 /* binary_mouseTests.m */; };
		721F63741AFCB27C0009B7B4 /* MouseOverlayWindow.m in Sources */ = {isa = PBXBuildFile; fileRef = 721F63731AFCB27C0009B7B4 /* MouseOverlayWindow.m */; };
/* End PBXBuildFile section */

/* Begin PBXContainerItemProxy section */
		721F63631AFCAC730009B7B4 /* PBXContainerItemProxy */ = {
			isa = PBXContainerItemProxy;
			containerPortal = 721F63471AFCAC730009B7B4 /* Project object */;
			proxyType = 1;
			remoteGlobalIDString = 721F634E1AFCAC730009B7B4;
			remoteInfo = "binary-mouse";
		};
/* End PBXContainerItemProxy section */

/* Begin PBXFileReference section */
		721F634F1AFCAC730009B7B4 /* binary-mouse.app */ = {isa = PBXFileReference; explicitFileType = wrapper.application; includeInIndex = 0; path = "binary-mouse.app"; sourceTree = BUILT_PRODUCTS_DIR; };
		721F63531AFCAC730009B7B4 /* Info.plist */ = {isa = PBXFileReference; lastKnownFileType = text.plist.xml; path = Info.plist; sourceTree = "<group>"; };
		721F63571AFCAC730009B7B4 /* main.m */ = {isa = PBXFileReference; lastKnownFileType = sourcecode.c.objc; path = main.m; sourceTree = "<group>"; };
		721F63591AFCAC730009B7B4 /* Images.xcassets */ = {isa = PBXFileReference; lastKnownFileType = folder.assetcatalog; path = Images.xcassets; sourceTree = "<group>"; };
		721F635C1AFCAC730009B7B4 /* Base */ = {isa = PBXFileReference; lastKnownFileType = file.xib; name = Base; path = Base.lproj/MainMenu.xib; sourceTree = "<group>"; };
		721F63621AFCAC730009B7B4 /* binary-mouseTests.xctest */ = {isa = PBXFileReference; explicitFileType = wrapper.cfbundle; includeInIndex = 0; path = "binary-mouseTests.xctest"; sourceTree = BUILT_PRODUCTS_DIR; };
		721F63671AFCAC730009B7B4 /* Info.plist */ = {isa = PBXFileReference; lastKnownFileType = text.plist.xml; path = Info.plist; sourceTree = "<group>"; };
		721F63681AFCAC730009B7B4 /* binary_mouseTests.m */ = {isa = PBXFileReference; lastKnownFileType = sourcecode.c.objc; path = binary_mouseTests.m; sourceTree = "<group>"; };
		721F63721AFCB27C0009B7B4 /* MouseOverlayWindow.h */ = {isa = PBXFileReference; fileEncoding = 4; lastKnownFileType = sourcecode.c.h; path = MouseOverlayWindow.h; sourceTree = "<group>"; };
		721F63731AFCB27C0009B7B4 /* MouseOverlayWindow.m */ = {isa = PBXFileReference; fileEncoding = 4; lastKnownFileType = sourcecode.c.objc; path = MouseOverlayWindow.m; sourceTree = "<group>"; };
/* End PBXFileReference section */

/* Begin PBXFrameworksBuildPhase section */
		721F634C1AFCAC730009B7B4 /* Frameworks */ = {
			isa = PBXFrameworksBuildPhase;
			buildActionMask = 2147483647;
			files = (
			);
			runOnlyForDeploymentPostprocessing = 0;
		};
		721F635F1AFCAC730009B7B4 /* Frameworks */ = {
			isa = PBXFrameworksBuildPhase;
			buildActionMask = 2147483647;
			files = (
			);
			runOnlyForDeploymentPostprocessing = 0;
		};
/* End PBXFrameworksBuildPhase section */

/* Begin PBXGroup section */
		721F63461AFCAC730009B7B4 = {
			isa = PBXGroup;
			children = (
				721F63511AFCAC730009B7B4 /* binary-mouse */,
				721F63651AFCAC730009B7B4 /* binary-mouseTests */,
				721F63501AFCAC730009B7B4 /* Products */,
			);
			sourceTree = "<group>";
		};
		721F63501AFCAC730009B7B4 /* Products */ = {
			isa = PBXGroup;
			children = (
				721F634F1AFCAC730009B7B4 /* binary-mouse.app */,
				721F63621AFCAC730009B7B4 /* binary-mouseTests.xctest */,
			);
			name = Products;
			sourceTree = "<group>";
		};
		721F63511AFCAC730009B7B4 /* binary-mouse */ = {
			isa = PBXGroup;
			children = (
				721F63591AFCAC730009B7B4 /* Images.xcassets */,
				721F635B1AFCAC730009B7B4 /* MainMenu.xib */,
				721F63521AFCAC730009B7B4 /* Supporting Files */,
				721F63721AFCB27C0009B7B4 /* MouseOverlayWindow.h */,
				721F63731AFCB27C0009B7B4 /* MouseOverlayWindow.m */,
			);
			path = "binary-mouse";
			sourceTree = "<group>";
		};
		721F63521AFCAC730009B7B4 /* Supporting Files */ = {
			isa = PBXGroup;
			children = (
				721F63531AFCAC730009B7B4 /* Info.plist */,
				721F63571AFCAC730009B7B4 /* main.m */,
			);
			name = "Supporting Files";
			sourceTree = "<group>";
		};
		721F63651AFCAC730009B7B4 /* binary-mouseTests */ = {
			isa = PBXGroup;
			children = (
				721F63681AFCAC730009B7B4 /* binary_mouseTests.m */,
				721F63661AFCAC730009B7B4 /* Supporting Files */,
			);
			path = "binary-mouseTests";
			sourceTree = "<group>";
		};
		721F63661AFCAC730009B7B4 /* Supporting Files */ = {
			isa = PBXGroup;
			children = (
				721F63671AFCAC730009B7B4 /* Info.plist */,
			);
			name = "Supporting Files";
			sourceTree = "<group>";
		};
/* End PBXGroup section */

/* Begin PBXNativeTarget section */
		721F634E1AFCAC730009B7B4 /* binary-mouse */ = {
			isa = PBXNativeTarget;
			buildConfigurationList = 721F636C1AFCAC730009B7B4 /* Build configuration list for PBXNativeTarget "binary-mouse" */;
			buildPhases = (
				721F634B1AFCAC730009B7B4 /* Sources */,
				721F634C1AFCAC730009B7B4 /* Frameworks */,
				721F634D1AFCAC730009B7B4 /* Resources */,
			);
			buildRules = (
			);
			dependencies = (
			);
			name = "binary-mouse";
			productName = "binary-mouse";
			productReference = 721F634F1AFCAC730009B7B4 /* binary-mouse.app */;
			productType = "com.apple.product-type.application";
		};
		721F63611AFCAC730009B7B4 /* binary-mouseTests */ = {
			isa = PBXNativeTarget;
			buildConfigurationList = 721F636F1AFCAC730009B7B4 /* Build configuration list for PBXNativeTarget "binary-mouseTests" */;
			buildPhases = (
				721F635E1AFCAC730009B7B4 /* Sources */,
				721F635F1AFCAC730009B7B4 /* Frameworks */,
				721F63601AFCAC730009B7B4 /* Resources */,
			);
			buildRules = (
			);
			dependencies = (
				721F63641AFCAC730009B7B4 /* PBXTargetDependency */,
			);
			name = "binary-mouseTests";
			productName = "binary-mouseTests";
			productReference = 721F63621AFCAC730009B7B4 /* binary-mouseTests.xctest */;
			productType = "com.apple.product-type.bundle.unit-test";
		};
/* End PBXNativeTarget section */

/* Begin PBXProject section */
		721F63471AFCAC730009B7B4 /* Project object */ = {
			isa = PBXProject;
			attributes = {
				LastUpgradeCheck = 0630;
				ORGANIZATIONNAME = "Shaba Abhiram";
				TargetAttributes = {
					721F634E1AFCAC730009B7B4 = {
						CreatedOnToolsVersion = 6.3.1;
					};
					721F63611AFCAC730009B7B4 = {
						CreatedOnToolsVersion = 6.3.1;
						TestTargetID = 721F634E1AFCAC730009B7B4;
					};
				};
			};
			buildConfigurationList = 721F634A1AFCAC730009B7B4 /* Build configuration list for PBXProject "binary-mouse" */;
			compatibilityVersion = "Xcode 3.2";
			developmentRegion = English;
			hasScannedForEncodings = 0;
			knownRegions = (
				en,
				Base,
			);
			mainGroup = 721F63461AFCAC730009B7B4;
			productRefGroup = 721F63501AFCAC730009B7B4 /* Products */;
			projectDirPath = "";
			projectRoot = "";
			targets = (
				721F634E1AFCAC730009B7B4 /* binary-mouse */,
				721F63611AFCAC730009B7B4 /* binary-mouseTests */,
			);
		};
/* End PBXProject section */

/* Begin PBXResourcesBuildPhase section */
		721F634D1AFCAC730009B7B4 /* Resources */ = {
			isa = PBXResourcesBuildPhase;
			buildActionMask = 2147483647;
			files = (
				721F635A1AFCAC730009B7B4 /* Images.xcassets in Resources */,
				721F635D1AFCAC730009B7B4 /* MainMenu.xib in Resources */,
			);
			runOnlyForDeploymentPostprocessing = 0;
		};
		721F63601AFCAC730009B7B4 /* Resources */ = {
			isa = PBXResourcesBuildPhase;
			buildActionMask = 2147483647;
			files = (
			);
			runOnlyForDeploymentPostprocessing = 0;
		};
/* End PBXResourcesBuildPhase section */

/* Begin PBXSourcesBuildPhase section */
		721F634B1AFCAC730009B7B4 /* Sources */ = {
			isa = PBXSourcesBuildPhase;
			buildActionMask = 2147483647;
			files = (
				721F63741AFCB27C0009B7B4 /* MouseOverlayWindow.m in Sources */,
				721F63581AFCAC730009B7B4 /* main.m in Sources */,
			);
			runOnlyForDeploymentPostprocessing = 0;
		};
		721F635E1AFCAC730009B7B4 /* Sources */ = {
			isa = PBXSourcesBuildPhase;
			buildActionMask = 2147483647;
			files = (
				721F63691AFCAC730009B7B4 /* binary_mouseTests.m in Sources */,
			);
			runOnlyForDeploymentPostprocessing = 0;
		};
/* End PBXSourcesBuildPhase section */

/* Begin PBXTargetDependency section */
		721F63641AFCAC730009B7B4 /* PBXTargetDependency */ = {
			isa = PBXTargetDependency;
			target = 721F634E1AFCAC730009B7B4 /* binary-mouse */;
			targetProxy = 721F63631AFCAC730009B7B4 /* PBXContainerItemProxy */;
		};
/* End PBXTargetDependency section */

/* Begin PBXVariantGroup section */
		721F635B1AFCAC730009B7B4 /* MainMenu.xib */ = {
			isa = PBXVariantGroup;
			children = (
				721F635C1AFCAC730009B7B4 /* Base */,
			);
			name = MainMenu.xib;
			sourceTree = "<group>";
		};
/* End PBXVariantGroup section */

/* Begin XCBuildConfiguration section */
		721F636A1AFCAC730009B7B4 /* Debug */ = {
			isa = XCBuildConfiguration;
			buildSettings = {
				ALWAYS_SEARCH_USER_PATHS = NO;
				CLANG_CXX_LANGUAGE_STANDARD = "gnu++0x";
				CLANG_CXX_LIBRARY = "libc++";
				CLANG_ENABLE_MODULES = YES;
				CLANG_ENABLE_OBJC_ARC = YES;
				CLANG_WARN_BOOL_CONVERSION = YES;
				CLANG_WARN_CONSTANT_CONVERSION = YES;
				CLANG_WARN_DIRECT_OBJC_ISA_USAGE = YES_ERROR;
				CLANG_WARN_EMPTY_BODY = YES;
				CLANG_WARN_ENUM_CONVERSION = YES;
				CLANG_WARN_INT_CONVERSION = YES;
				CLANG_WARN_OBJC_ROOT_CLASS = YES_ERROR;
				CLANG_WARN_UNREACHABLE_CODE = YES;
				CLANG_WARN__DUPLICATE_METHOD_MATCH = YES;
				CODE_SIGN_IDENTITY = "-";
				COPY_PHASE_STRIP = NO;
				DEBUG_INFORMATION_FORMAT = dwarf;
				ENABLE_STRICT_OBJC_MSGSEND = YES;
				GCC_C_LANGUAGE_STANDARD = gnu99;
				GCC_DYNAMIC_NO_PIC = NO;
				GCC_NO_COMMON_BLOCKS = YES;
				GCC_OPTIMIZATION_LEVEL = 0;
				GCC_PREPROCESSOR_DEFINITIONS = (
					"DEBUG=1",
					"$(inherited)",
				);
				GCC_SYMBOLS_PRIVATE_EXTERN = NO;
				GCC_WARN_64_TO_32_BIT_CONVERSION = YES;
				GCC_WARN_ABOUT_RETURN_TYPE = YES_ERROR;
				GCC_WARN_UNDECLARED_SELECTOR = YES;
				GCC_WARN_UNINITIALIZED_AUTOS = YES_AGGRESSIVE;
				GCC_WARN_UNUSED_FUNCTION = YES;
				GCC_WARN_UNUSED_VARIABLE = YES;
				MACOSX_DEPLOYMENT_TARGET = 10.10;
				MTL_ENABLE_DEBUG_INFO = YES;
				ONLY_ACTIVE_ARCH = YES;
				SDKROOT = macosx;
			};
			name = Debug;
		};
		721F636B1AFCAC730009B7B4 /* Release */ = {
			isa = XCBuildConfiguration;
			buildSettings = {
				ALWAYS_SEARCH_USER_PATHS = NO;
				CLANG_CXX_LANGUAGE_STANDARD = "gnu++0x";
				CLANG_CXX_LIBRARY = "libc++";
				CLANG_ENABLE_MODULES = YES;
				CLANG_ENABLE_OBJC_ARC = YES;
				CLANG_WARN_BOOL_CONVERSION = YES;
				CLANG_WARN_CONSTANT_CONVERSION = YES;
				CLANG_WARN_DIRECT_OBJC_ISA_USAGE = YES_ERROR;
				CLANG_WARN_EMPTY_BODY = YES;
				CLANG_WARN_ENUM_CONVERSION = YES;
				CLANG_WARN_INT_CONVERSION = YES;
				CLANG_WARN_OBJC_ROOT_CLASS = YES_ERROR;
				CLANG_WARN_UNREACHABLE_CODE = YES;
				CLANG_WARN__DUPLICATE_METHOD_MATCH = YES;
				CODE_SIGN_IDENTITY = "-";
				COPY_PHASE_STRIP = NO;
				DEBUG_INFORMATION_FORMAT = "dwarf-with-dsym";
				ENABLE_NS_ASSERTIONS = NO;
				ENABLE_STRICT_OBJC_MSGSEND = YES;
				GCC_C_LANGUAGE_STANDARD = gnu99;
				GCC_NO_COMMON_BLOCKS = YES;
				GCC_WARN_64_TO_32_BIT_CONVERSION = YES;
				GCC_WARN_ABOUT_RETURN_TYPE = YES_ERROR;
				GCC_WARN_UNDECLARED_SELECTOR = YES;
				GCC_WARN_UNINITIALIZED_AUTOS = YES_AGGRESSIVE;
				GCC_WARN_UNUSED_FUNCTION = YES;
				GCC_WARN_UNUSED_VARIABLE = YES;
				MACOSX_DEPLOYMENT_TARGET = 10.10;
				MTL_ENABLE_DEBUG_INFO = NO;
				SDKROOT = macosx;
			};
			name = Release;
		};
		721F636D1AFCAC730009B7B4 /* Debug */ = {
			isa = XCBuildConfiguration;
			buildSettings = {
				ASSETCATALOG_COMPILER_APPICON_NAME = AppIcon;
				COMBINE_HIDPI_IMAGES = YES;
				INFOPLIST_FILE = binary-mouse/Info.plist;
				LD_RUNPATH_SEARCH_PATHS = "$(inherited) @executable_path/../Frameworks";
				PRODUCT_NAME = "$(TARGET_NAME)";
			};
			name = Debug;
		};
		721F636E1AFCAC730009B7B4 /* Release */ = {
			isa = XCBuildConfiguration;
			buildSettings = {
				ASSETCATALOG_COMPILER_APPICON_NAME = AppIcon;
				COMBINE_HIDPI_IMAGES = YES;
				INFOPLIST_FILE = binary-mouse/Info.plist;
				LD_RUNPATH_SEARCH_PATHS = "$(inherited) @executable_path/../Frameworks";
				PRODUCT_NAME = "$(TARGET_NAME)";
			};
			name = Release;
		};
		721F63701AFCAC730009B7B4 /* Debug */ = {
			isa = XCBuildConfiguration;
			buildSettings = {
				BUNDLE_LOADER = "$(TEST_HOST)";
				COMBINE_HIDPI_IMAGES = YES;
				FRAMEWORK_SEARCH_PATHS = (
					"$(DEVELOPER_FRAMEWORKS_DIR)",
					"$(inherited)",
				);
				GCC_PREPROCESSOR_DEFINITIONS = (
					"DEBUG=1",
					"$(inherited)",
				);
				INFOPLIST_FILE = "binary-mouseTests/Info.plist";
				LD_RUNPATH_SEARCH_PATHS = "$(inherited) @executable_path/../Frameworks @loader_path/../Frameworks";
				PRODUCT_NAME = "$(TARGET_NAME)";
				TEST_HOST = "$(BUILT_PRODUCTS_DIR)/binary-mouse.app/Contents/MacOS/binary-mouse";
			};
			name = Debug;
		};
		721F63711AFCAC730009B7B4 /* Release */ = {
			isa = XCBuildConfiguration;
			buildSettings = {
				BUNDLE_LOADER = "$(TEST_HOST)";
				COMBINE_HIDPI_IMAGES = YES;
				FRAMEWORK_SEARCH_PATHS = (
					"$(DEVELOPER_FRAMEWORKS_DIR)",
					"$(inherited)",
				);
				INFOPLIST_FILE = "binary-mouseTests/Info.plist";
				LD_RUNPATH_SEARCH_PATHS = "$(inherited) @executable_path/../Frameworks @loader_path/../Frameworks";
				PRODUCT_NAME = "$(TARGET_NAME)";
				TEST_HOST = "$(BUILT_PRODUCTS_DIR)/binary-mouse.app/Contents/MacOS/binary-mouse";
			};
			name = Release;
		};
/* End XCBuildConfiguration section */

/* Begin XCConfigurationList section */
		721F634A1AFCAC730009B7B4 /* Build configuration list for PBXProject "binary-mouse" */ = {
			isa = XCConfigurationList;
			buildConfigurations = (
				721F636A1AFCAC730009B7B4 /* Debug */,
				721F636B1AFCAC730009B7B4 /* Release */,
			);
			defaultConfigurationIsVisible = 0;
			defaultConfigurationName = Release;
		};
		721F636C1AFCAC730009B7B4 /* Build configuration list for PBXNativeTarget "binary-mouse" */ = {
			isa = XCConfigurationList;
			buildConfigurations = (
				721F636D1AFCAC730009B7B4 /* Debug */,
				721F636E1AFCAC730009B7B4 /* Release */,
			);
			defaultConfigurationIsVisible = 0;
			defaultConfigurationName = Release;
		};
		721F636F1AFCAC730009B7B4 /* Build configuration list for PBXNativeTarget "binary-mouseTests" */ = {
			isa = XCConfigurationList;
			buildConfigurations = (
				721F63701AFCAC730009B7B4 /* Debug */,
				721F63711AFCAC730009B7B4 /* Release */,
			);
			defaultConfigurationIsVisible = 0;
			defaultConfigurationName = Release;
		};
/* End XCConfigurationList section */
	};
	rootObject = 721F63471AFCAC730009B7B4 /* Project object */;
}
